hash: 4ab94b35746261425aa040d824d7ee62cc87822eadb54325f93b272bf803dc3e
updated: 2018-06-12T09:23:33.510535+01:00
imports:
- name: github.com/LGUG2Z/blastradius
  version: e9fef3d83f45856cfefd7b6c836e2352f2654fa4
  subpackages:
  - blastradius
- name: github.com/spf13/afero
  version: 787d034dfe70e44075ccc060d346146ef53270ad
- name: github.com/urfave/cli
  version: cfb38830724cc34fedffe9a2a29fb54fa9169cd1
- name: gopkg.in/src-d/go-billy.v4
  version: df053870ae7070b0350624ba5a22161ba3796cc0
  subpackages:
  - osfs
- name: gopkg.in/src-d/go-git.v4
  version: 57570e84f8c5739f0f4a59387493e590e709dde9
  subpackages:
  - plumbing
  - storage/filesystem
testImports:
- name: github.com/onsi/ginkgo
  version: ""
- name: github.com/onsi/gomega
  version: ""
