hash: 42b0a4f00dfc19204fcb0296e1a2a2f1db801ca8ed1da5f2b08915c3b1aea5cf
updated: 2018-06-12T09:37:18.543636+01:00
imports:
- name: github.com/fatih/color
  version: 5b77d2a35fb0ede96d138fc9a99f5c9b6aef11b4
- name: github.com/LGUG2Z/blastradius
  version: e9fef3d83f45856cfefd7b6c836e2352f2654fa4
  subpackages:
  - blastradius
- name: github.com/spf13/afero
  version: 787d034dfe70e44075ccc060d346146ef53270ad
- name: github.com/urfave/cli
  version: cfb38830724cc34fedffe9a2a29fb54fa9169cd1
testImports:
- name: github.com/onsi/ginkgo
  version: ""
- name: github.com/onsi/gomega
  version: ""
